// !$*UTF8*$!
{
	archiveVersion = 1;
	classes = {
	};
	objectVersion = 46;
	objects = {

/* Begin PBXBuildFile section */
		072D87AA1ADE51CF001F4370 /* main.m in Sources */ = {isa = PBXBuildFile; fileRef = 072D87A91ADE51CF001F4370 /* main.m */; };
		072D87AD1ADE51CF001F4370 /* AppDelegate.m in Sources */ = {isa = PBXBuildFile; fileRef = 072D87AC1ADE51CF001F4370 /* AppDelegate.m */; };
		072D87B01ADE51CF001F4370 /* ClouTraining.xcdatamodeld in Sources */ = {isa = PBXBuildFile; fileRef = 072D87AE1ADE51CF001F4370 /* ClouTraining.xcdatamodeld */; };
		072D87B31ADE51CF001F4370 /* ViewController.m in Sources */ = {isa = PBXBuildFile; fileRef = 072D87B21ADE51CF001F4370 /* ViewController.m */; };
		072D87B61ADE51CF001F4370 /* Main.storyboard in Resources */ = {isa = PBXBuildFile; fileRef = 072D87B41ADE51CF001F4370 /* Main.storyboard */; };
		072D87B81ADE51CF001F4370 /* Images.xcassets in Resources */ = {isa = PBXBuildFile; fileRef = 072D87B71ADE51CF001F4370 /* Images.xcassets */; };
		072D87BB1ADE51CF001F4370 /* LaunchScreen.xib in Resources */ = {isa = PBXBuildFile; fileRef = 072D87B91ADE51CF001F4370 /* LaunchScreen.xib */; };
		072D87C71ADE51CF001F4370 /* ClouTrainingTests.m in Sources */ = {isa = PBXBuildFile; fileRef = 072D87C61ADE51CF001F4370 /* ClouTrainingTests.m */; };
/* End PBXBuildFile section */

/* Begin PBXContainerItemProxy section */
		072D87C11ADE51CF001F4370 /* PBXContainerItemProxy */ = {
			isa = PBXContainerItemProxy;
			containerPortal = 072D879C1ADE51CF001F4370 /* Project object */;
			proxyType = 1;
			remoteGlobalIDString = 072D87A31ADE51CF001F4370;
			remoteInfo = ClouTraining;
		};
/* End PBXContainerItemProxy section */

/* Begin PBXFileReference section */
		072D87A41ADE51CF001F4370 /* ClouTraining.app */ = {isa = PBXFileReference; explicitFileType = wrapper.application; includeInIndex = 0; path = ClouTraining.app; sourceTree = BUILT_PRODUCTS_DIR; };
		072D87A81ADE51CF001F4370 /* Info.plist */ = {isa = PBXFileReference; lastKnownFileType = text.plist.xml; path = Info.plist; sourceTree = "<group>"; };
		072D87A91ADE51CF001F4370 /* main.m */ = {isa = PBXFileReference; lastKnownFileType = sourcecode.c.objc; path = main.m; sourceTree = "<group>"; };
		072D87AB1ADE51CF001F4370 /* AppDelegate.h */ = {isa = PBXFileReference; lastKnownFileType = sourcecode.c.h; path = AppDelegate.h; sourceTree = "<group>"; };
		072D87AC1ADE51CF001F4370 /* AppDelegate.m */ = {isa = PBXFileReference; lastKnownFileType = sourcecode.c.objc; path = AppDelegate.m; sourceTree = "<group>"; };
		072D87AF1ADE51CF001F4370 /* ClouTraining.xcdatamodel */ = {isa = PBXFileReference; lastKnownFileType = wrapper.xcdatamodel; path = ClouTraining.xcdatamodel; sourceTree = "<group>"; };
		072D87B11ADE51CF001F4370 /* ViewController.h */ = {isa = PBXFileReference; lastKnownFileType = sourcecode.c.h; path = ViewController.h; sourceTree = "<group>"; };
		072D87B21ADE51CF001F4370 /* ViewController.m */ = {isa = PBXFileReference; lastKnownFileType = sourcecode.c.objc; path = ViewController.m; sourceTree = "<group>"; };
		072D87B51ADE51CF001F4370 /* Base */ = {isa = PBXFileReference; lastKnownFileType = file.storyboard; name = Base; path = Base.lproj/Main.storyboard; sourceTree = "<group>"; };
		072D87B71ADE51CF001F4370 /* Images.xcassets */ = {isa = PBXFileReference; lastKnownFileType = folder.assetcatalog; path = Images.xcassets; sourceTree = "<group>"; };
		072D87BA1ADE51CF001F4370 /* Base */ = {isa = PBXFileReference; lastKnownFileType = file.xib; name = Base; path = Base.lproj/LaunchScreen.xib; sourceTree = "<group>"; };
		072D87C01ADE51CF001F4370 /* ClouTrainingTests.xctest */ = {isa = PBXFileReference; explicitFileType = wrapper.cfbundle; includeInIndex = 0; path = ClouTrainingTests.xctest; sourceTree = BUILT_PRODUCTS_DIR; };
		072D87C51ADE51CF001F4370 /* Info.plist */ = {isa = PBXFileReference; lastKnownFileType = text.plist.xml; path = Info.plist; sourceTree = "<group>"; };
		072D87C61ADE51CF001F4370 /* ClouTrainingTests.m */ = {isa = PBXFileReference; lastKnownFileType = sourcecode.c.objc; path = ClouTrainingTests.m; sourceTree = "<group>"; };
/* End PBXFileReference section */

/* Begin PBXFrameworksBuildPhase section */
		072D87A11ADE51CF001F4370 /* Frameworks */ = {
			isa = PBXFrameworksBuildPhase;
			buildActionMask = 2147483647;
			files = (
			);
			runOnlyForDeploymentPostprocessing = 0;
		};
		072D87BD1ADE51CF001F4370 /* Frameworks */ = {
			isa = PBXFrameworksBuildPhase;
			buildActionMask = 2147483647;
			files = (
			);
			runOnlyForDeploymentPostprocessing = 0;
		};
/* End PBXFrameworksBuildPhase section */

/* Begin PBXGroup section */
		072D879B1ADE51CF001F4370 = {
			isa = PBXGroup;
			children = (
				072D87A61ADE51CF001F4370 /* ClouTraining */,
				072D87C31ADE51CF001F4370 /* ClouTrainingTests */,
				072D87A51ADE51CF001F4370 /* Products */,
			);
			sourceTree = "<group>";
		};
		072D87A51ADE51CF001F4370 /* Products */ = {
			isa = PBXGroup;
			children = (
				072D87A41ADE51CF001F4370 /* ClouTraining.app */,
				072D87C01ADE51CF001F4370 /* ClouTrainingTests.xctest */,
			);
			name = Products;
			sourceTree = "<group>";
		};
		072D87A61ADE51CF001F4370 /* ClouTraining */ = {
			isa = PBXGroup;
			children = (
				072D87AB1ADE51CF001F4370 /* AppDelegate.h */,
				072D87AC1ADE51CF001F4370 /* AppDelegate.m */,
				072D87B11ADE51CF001F4370 /* ViewController.h */,
				072D87B21ADE51CF001F4370 /* ViewController.m */,
				072D87B41ADE51CF001F4370 /* Main.storyboard */,
				072D87B71ADE51CF001F4370 /* Images.xcassets */,
				072D87B91ADE51CF001F4370 /* LaunchScreen.xib */,
				072D87AE1ADE51CF001F4370 /* ClouTraining.xcdatamodeld */,
				072D87A71ADE51CF001F4370 /* Supporting Files */,
			);
			path = ClouTraining;
			sourceTree = "<group>";
		};
		072D87A71ADE51CF001F4370 /* Supporting Files */ = {
			isa = PBXGroup;
			children = (
				072D87A81ADE51CF001F4370 /* Info.plist */,
				072D87A91ADE51CF001F4370 /* main.m */,
			);
			name = "Supporting Files";
			sourceTree = "<group>";
		};
		072D87C31ADE51CF001F4370 /* ClouTrainingTests */ = {
			isa = PBXGroup;
			children = (
				072D87C61ADE51CF001F4370 /* ClouTrainingTests.m */,
				072D87C41ADE51CF001F4370 /* Supporting Files */,
			);
			path = ClouTrainingTests;
			sourceTree = "<group>";
		};
		072D87C41ADE51CF001F4370 /* Supporting Files */ = {
			isa = PBXGroup;
			children = (
				072D87C51ADE51CF001F4370 /* Info.plist */,
			);
			name = "Supporting Files";
			sourceTree = "<group>";
		};
/* End PBXGroup section */

/* Begin PBXNativeTarget section */
		072D87A31ADE51CF001F4370 /* ClouTraining */ = {
			isa = PBXNativeTarget;
			buildConfigurationList = 072D87CA1ADE51CF001F4370 /* Build configuration list for PBXNativeTarget "ClouTraining" */;
			buildPhases = (
				072D87A01ADE51CF001F4370 /* Sources */,
				072D87A11ADE51CF001F4370 /* Frameworks */,
				072D87A21ADE51CF001F4370 /* Resources */,
			);
			buildRules = (
			);
			dependencies = (
			);
			name = ClouTraining;
			productName = ClouTraining;
			productReference = 072D87A41ADE51CF001F4370 /* ClouTraining.app */;
			productType = "com.apple.product-type.application";
		};
		072D87BF1ADE51CF001F4370 /* ClouTrainingTests */ = {
			isa = PBXNativeTarget;
			buildConfigurationList = 072D87CD1ADE51CF001F4370 /* Build configuration list for PBXNativeTarget "ClouTrainingTests" */;
			buildPhases = (
				072D87BC1ADE51CF001F4370 /* Sources */,
				072D87BD1ADE51CF001F4370 /* Frameworks */,
				072D87BE1ADE51CF001F4370 /* Resources */,
			);
			buildRules = (
			);
			dependencies = (
				072D87C21ADE51CF001F4370 /* PBXTargetDependency */,
			);
			name = ClouTrainingTests;
			productName = ClouTrainingTests;
			productReference = 072D87C01ADE51CF001F4370 /* ClouTrainingTests.xctest */;
			productType = "com.apple.product-type.bundle.unit-test";
		};
/* End PBXNativeTarget section */

/* Begin PBXProject section */
		072D879C1ADE51CF001F4370 /* Project object */ = {
			isa = PBXProject;
			attributes = {
				LastUpgradeCheck = 0630;
				ORGANIZATIONNAME = fastline;
				TargetAttributes = {
					072D87A31ADE51CF001F4370 = {
						CreatedOnToolsVersion = 6.3;
					};
					072D87BF1ADE51CF001F4370 = {
						CreatedOnToolsVersion = 6.3;
						TestTargetID = 072D87A31ADE51CF001F4370;
					};
				};
			};
			buildConfigurationList = 072D879F1ADE51CF001F4370 /* Build configuration list for PBXProject "ClouTraining" */;
			compatibilityVersion = "Xcode 3.2";
			developmentRegion = English;
			hasScannedForEncodings = 0;
			knownRegions = (
				en,
				Base,
			);
			mainGroup = 072D879B1ADE51CF001F4370;
			productRefGroup = 072D87A51ADE51CF001F4370 /* Products */;
			projectDirPath = "";
			projectRoot = "";
			targets = (
				072D87A31ADE51CF001F4370 /* ClouTraining */,
				072D87BF1ADE51CF001F4370 /* ClouTrainingTests */,
			);
		};
/* End PBXProject section */

/* Begin PBXResourcesBuildPhase section */
		072D87A21ADE51CF001F4370 /* Resources */ = {
			isa = PBXResourcesBuildPhase;
			buildActionMask = 2147483647;
			files = (
				072D87B61ADE51CF001F4370 /* Main.storyboard in Resources */,
				072D87BB1ADE51CF001F4370 /* LaunchScreen.xib in Resources */,
				072D87B81ADE51CF001F4370 /* Images.xcassets in Resources */,
			);
			runOnlyForDeploymentPostprocessing = 0;
		};
		072D87BE1ADE51CF001F4370 /* Resources */ = {
			isa = PBXResourcesBuildPhase;
			buildActionMask = 2147483647;
			files = (
			);
			runOnlyForDeploymentPostprocessing = 0;
		};
/* End PBXResourcesBuildPhase section */

/* Begin PBXSourcesBuildPhase section */
		072D87A01ADE51CF001F4370 /* Sources */ = {
			isa = PBXSourcesBuildPhase;
			buildActionMask = 2147483647;
			files = (
				072D87AD1ADE51CF001F4370 /* AppDelegate.m in Sources */,
				072D87AA1ADE51CF001F4370 /* main.m in Sources */,
				072D87B31ADE51CF001F4370 /* ViewController.m in Sources */,
				072D87B01ADE51CF001F4370 /* ClouTraining.xcdatamodeld in Sources */,
			);
			runOnlyForDeploymentPostprocessing = 0;
		};
		072D87BC1ADE51CF001F4370 /* Sources */ = {
			isa = PBXSourcesBuildPhase;
			buildActionMask = 2147483647;
			files = (
				072D87C71ADE51CF001F4370 /* ClouTrainingTests.m in Sources */,
			);
			runOnlyForDeploymentPostprocessing = 0;
		};
/* End PBXSourcesBuildPhase section */

/* Begin PBXTargetDependency section */
		072D87C21ADE51CF001F4370 /* PBXTargetDependency */ = {
			isa = PBXTargetDependency;
			target = 072D87A31ADE51CF001F4370 /* ClouTraining */;
			targetProxy = 072D87C11ADE51CF001F4370 /* PBXContainerItemProxy */;
		};
/* End PBXTargetDependency section */

/* Begin PBXVariantGroup section */
		072D87B41ADE51CF001F4370 /* Main.storyboard */ = {
			isa = PBXVariantGroup;
			children = (
				072D87B51ADE51CF001F4370 /* Base */,
			);
			name = Main.storyboard;
			sourceTree = "<group>";
		};
		072D87B91ADE51CF001F4370 /* LaunchScreen.xib */ = {
			isa = PBXVariantGroup;
			children = (
				072D87BA1ADE51CF001F4370 /* Base */,
			);
			name = LaunchScreen.xib;
			sourceTree = "<group>";
		};
/* End PBXVariantGroup section */

/* Begin XCBuildConfiguration section */
		072D87C81ADE51CF001F4370 /* Debug */ = {
			isa = XCBuildConfiguration;
			buildSettings = {
				ALWAYS_SEARCH_USER_PATHS = NO;
				CLANG_CXX_LANGUAGE_STANDARD = "gnu++0x";
				CLANG_CXX_LIBRARY = "libc++";
				CLANG_ENABLE_MODULES = YES;
				CLANG_ENABLE_OBJC_ARC = YES;
				CLANG_WARN_BOOL_CONVERSION = YES;
				CLANG_WARN_CONSTANT_CONVERSION = YES;
				CLANG_WARN_DIRECT_OBJC_ISA_USAGE = YES_ERROR;
				CLANG_WARN_EMPTY_BODY = YES;
				CLANG_WARN_ENUM_CONVERSION = YES;
				CLANG_WARN_INT_CONVERSION = YES;
				CLANG_WARN_OBJC_ROOT_CLASS = YES_ERROR;
				CLANG_WARN_UNREACHABLE_CODE = YES;
				CLANG_WARN__DUPLICATE_METHOD_MATCH = YES;
				"CODE_SIGN_IDENTITY[sdk=iphoneos*]" = "iPhone Developer";
				COPY_PHASE_STRIP = NO;
				DEBUG_INFORMATION_FORMAT = "dwarf-with-dsym";
				ENABLE_STRICT_OBJC_MSGSEND = YES;
				GCC_C_LANGUAGE_STANDARD = gnu99;
				GCC_DYNAMIC_NO_PIC = NO;
				GCC_NO_COMMON_BLOCKS = YES;
				GCC_OPTIMIZATION_LEVEL = 0;
				GCC_PREPROCESSOR_DEFINITIONS = (
					"DEBUG=1",
					"$(inherited)",
				);
				GCC_SYMBOLS_PRIVATE_EXTERN = NO;
				GCC_WARN_64_TO_32_BIT_CONVERSION = YES;
				GCC_WARN_ABOUT_RETURN_TYPE = YES_ERROR;
				GCC_WARN_UNDECLARED_SELECTOR = YES;
				GCC_WARN_UNINITIALIZED_AUTOS = YES_AGGRESSIVE;
				GCC_WARN_UNUSED_FUNCTION = YES;
				GCC_WARN_UNUSED_VARIABLE = YES;
				IPHONEOS_DEPLOYMENT_TARGET = 8.3;
				MTL_ENABLE_DEBUG_INFO = YES;
				ONLY_ACTIVE_ARCH = YES;
				SDKROOT = iphoneos;
			};
			name = Debug;
		};
		072D87C91ADE51CF001F4370 /* Release */ = {
			isa = XCBuildConfiguration;
			buildSettings = {
				ALWAYS_SEARCH_USER_PATHS = NO;
				CLANG_CXX_LANGUAGE_STANDARD = "gnu++0x";
				CLANG_CXX_LIBRARY = "libc++";
				CLANG_ENABLE_MODULES = YES;
				CLANG_ENABLE_OBJC_ARC = YES;
				CLANG_WARN_BOOL_CONVERSION = YES;
				CLANG_WARN_CONSTANT_CONVERSION = YES;
				CLANG_WARN_DIRECT_OBJC_ISA_USAGE = YES_ERROR;
				CLANG_WARN_EMPTY_BODY = YES;
				CLANG_WARN_ENUM_CONVERSION = YES;
				CLANG_WARN_INT_CONVERSION = YES;
				CLANG_WARN_OBJC_ROOT_CLASS = YES_ERROR;
				CLANG_WARN_UNREACHABLE_CODE = YES;
				CLANG_WARN__DUPLICATE_METHOD_MATCH = YES;
				"CODE_SIGN_IDENTITY[sdk=iphoneos*]" = "iPhone Developer";
				COPY_PHASE_STRIP = NO;
				DEBUG_INFORMATION_FORMAT = "dwarf-with-dsym";
				ENABLE_NS_ASSERTIONS = NO;
				ENABLE_STRICT_OBJC_MSGSEND = YES;
				GCC_C_LANGUAGE_STANDARD = gnu99;
				GCC_NO_COMMON_BLOCKS = YES;
				GCC_WARN_64_TO_32_BIT_CONVERSION = YES;
				GCC_WARN_ABOUT_RETURN_TYPE = YES_ERROR;
				GCC_WARN_UNDECLARED_SELECTOR = YES;
				GCC_WARN_UNINITIALIZED_AUTOS = YES_AGGRESSIVE;
				GCC_WARN_UNUSED_FUNCTION = YES;
				GCC_WARN_UNUSED_VARIABLE = YES;
				IPHONEOS_DEPLOYMENT_TARGET = 8.3;
				MTL_ENABLE_DEBUG_INFO = NO;
				SDKROOT = iphoneos;
				VALIDATE_PRODUCT = YES;
			};
			name = Release;
		};
		072D87CB1ADE51CF001F4370 /* Debug */ = {
			isa = XCBuildConfiguration;
			buildSettings = {
				ASSETCATALOG_COMPILER_APPICON_NAME = AppIcon;
				INFOPLIST_FILE = ClouTraining/Info.plist;
				LD_RUNPATH_SEARCH_PATHS = "$(inherited) @executable_path/Frameworks";
				PRODUCT_NAME = "$(TARGET_NAME)";
			};
			name = Debug;
		};
		072D87CC1ADE51CF001F4370 /* Release */ = {
			isa = XCBuildConfiguration;
			buildSettings = {
				ASSETCATALOG_COMPILER_APPICON_NAME = AppIcon;
				INFOPLIST_FILE = ClouTraining/Info.plist;
				LD_RUNPATH_SEARCH_PATHS = "$(inherited) @executable_path/Frameworks";
				PRODUCT_NAME = "$(TARGET_NAME)";
			};
			name = Release;
		};
		072D87CE1ADE51CF001F4370 /* Debug */ = {
			isa = XCBuildConfiguration;
			buildSettings = {
				BUNDLE_LOADER = "$(TEST_HOST)";
				FRAMEWORK_SEARCH_PATHS = (
					"$(SDKROOT)/Developer/Library/Frameworks",
					"$(inherited)",
				);
				GCC_PREPROCESSOR_DEFINITIONS = (
					"DEBUG=1",
					"$(inherited)",
				);
				INFOPLIST_FILE = ClouTrainingTests/Info.plist;
				LD_RUNPATH_SEARCH_PATHS = "$(inherited) @executable_path/Frameworks @loader_path/Frameworks";
				PRODUCT_NAME = "$(TARGET_NAME)";
				TEST_HOST = "$(BUILT_PRODUCTS_DIR)/ClouTraining.app/ClouTraining";
			};
			name = Debug;
		};
		072D87CF1ADE51CF001F4370 /* Release */ = {
			isa = XCBuildConfiguration;
			buildSettings = {
				BUNDLE_LOADER = "$(TEST_HOST)";
				FRAMEWORK_SEARCH_PATHS = (
					"$(SDKROOT)/Developer/Library/Frameworks",
					"$(inherited)",
				);
				INFOPLIST_FILE = ClouTrainingTests/Info.plist;
				LD_RUNPATH_SEARCH_PATHS = "$(inherited) @executable_path/Frameworks @loader_path/Frameworks";
				PRODUCT_NAME = "$(TARGET_NAME)";
				TEST_HOST = "$(BUILT_PRODUCTS_DIR)/ClouTraining.app/ClouTraining";
			};
			name = Release;
		};
/* End XCBuildConfiguration section */

/* Begin XCConfigurationList section */
		072D879F1ADE51CF001F4370 /* Build configuration list for PBXProject "ClouTraining" */ = {
			isa = XCConfigurationList;
			buildConfigurations = (
				072D87C81ADE51CF001F4370 /* Debug */,
				072D87C91ADE51CF001F4370 /* Release */,
			);
			defaultConfigurationIsVisible = 0;
			defaultConfigurationName = Release;
		};
		072D87CA1ADE51CF001F4370 /* Build configuration list for PBXNativeTarget "ClouTraining" */ = {
			isa = XCConfigurationList;
			buildConfigurations = (
				072D87CB1ADE51CF001F4370 /* Debug */,
				072D87CC1ADE51CF001F4370 /* Release */,
			);
			defaultConfigurationIsVisible = 0;
		};
		072D87CD1ADE51CF001F4370 /* Build configuration list for PBXNativeTarget "ClouTrainingTests" */ = {
			isa = XCConfigurationList;
			buildConfigurations = (
				072D87CE1ADE51CF001F4370 /* Debug */,
				072D87CF1ADE51CF001F4370 /* Release */,
			);
			defaultConfigurationIsVisible = 0;
		};
/* End XCConfigurationList section */

/* Begin XCVersionGroup section */
		072D87AE1ADE51CF001F4370 /* ClouTraining.xcdatamodeld */ = {
			isa = XCVersionGroup;
			children = (
				072D87AF1ADE51CF001F4370 /* ClouTraining.xcdatamodel */,
			);
			currentVersion = 072D87AF1ADE51CF001F4370 /* ClouTraining.xcdatamodel */;
			path = ClouTraining.xcdatamodeld;
			sourceTree = "<group>";
			versionGroupType = wrapper.xcdatamodel;
		};
/* End XCVersionGroup section */
	};
	rootObject = 072D879C1ADE51CF001F4370 /* Project object */;
}
